
Microsoft Visual Studio Solution File, Format Version 12.00
# Visual Studio Version 16
VisualStudioVersion = 16.0.29519.87
MinimumVisualStudioVersion = 10.0.40219.1
Project("{FAE04EC0-301F-11D3-BF4B-00C04F79EFBC}") = "NP++", "NP++\NP++.csproj", "{74D44EF5-CC34-4A78-96B1-966CB23F89BF}"
EndProject
Global
	GlobalSection(SolutionConfigurationPlatforms) = preSolution
		Debug|Any CPU = Debug|Any CPU
		Release|Any CPU = Release|Any CPU
	EndGlobalSection
	GlobalSection(ProjectConfigurationPlatforms) = postSolution
		{74D44EF5-CC34-4A78-96B1-966CB23F89BF}.Debug|Any CPU.ActiveCfg = Debug|Any CPU
		{74D44EF5-CC34-4A78-96B1-966CB23F89BF}.Debug|Any CPU.Build.0 = Debug|Any CPU
		{74D44EF5-CC34-4A78-96B1-966CB23F89BF}.Release|Any CPU.ActiveCfg = Release|Any CPU
		{74D44EF5-CC34-4A78-96B1-966CB23F89BF}.Release|Any CPU.Build.0 = Release|Any CPU
	EndGlobalSection
	GlobalSection(SolutionProperties) = preSolution
		HideSolutionNode = FALSE
	EndGlobalSection
	GlobalSection(ExtensibilityGlobals) = postSolution
		SolutionGuid = {CCBCFED2-9F80-4A03-A713-960CD12292B5}
	EndGlobalSection
EndGlobal
